
Microsoft Visual Studio Solution File, Format Version 12.00
# Visual Studio Version 16
VisualStudioVersion = 16.0.29009.5
MinimumVisualStudioVersion = 10.0.40219.1
Project("{2150E333-8FDC-42A3-9474-1A3956D46DE8}") = "Tests", "Tests", "{51EC1534-8BA8-4655-B818-2982B5329FB9}"
EndProject
Project("{9A19103F-16F7-4668-BE54-9A1E7A4F7556}") = "Pekka.RoyaleApi.Sandbox", "Tests\Pekka.RoyaleApi.Sandbox\Pekka.RoyaleApi.Sandbox.csproj", "{E2EF6A6A-EE00-4165-92D8-33DF30BF6D07}"
EndProject
Project("{9A19103F-16F7-4668-BE54-9A1E7A4F7556}") = "Pekka.ClashRoyaliApi.Sandbox", "Tests\Pekka.ClashRoyaliApi.Sandbox\Pekka.ClashRoyaliApi.Sandbox.csproj", "{B06FBC28-4929-445B-A771-3AEC24A8D4D3}"
EndProject
Project("{9A19103F-16F7-4668-BE54-9A1E7A4F7556}") = "Pekka.Core.Tests", "Tests\Pekka.Core.Tests\Pekka.Core.Tests.csproj", "{B73A3E5D-16F6-4472-AAA5-2A5268F5870B}"
EndProject
Project("{9A19103F-16F7-4668-BE54-9A1E7A4F7556}") = "Pekka.ClashRoyaleApi.Client", "src\Pekka.ClashRoyaleApi.Client\Pekka.ClashRoyaleApi.Client.csproj", "{6CA3AF85-5164-404C-AF3B-348A73A3EBEA}"
EndProject
Project("{9A19103F-16F7-4668-BE54-9A1E7A4F7556}") = "Pekka.Core", "src\Pekka.Core\Pekka.Core.csproj", "{C573636D-7029-40F1-88F0-A6167D61739E}"
EndProject
Project("{9A19103F-16F7-4668-BE54-9A1E7A4F7556}") = "Pekka.RoyaleApi.Client", "src\Pekka.RoyaleApi.Client\Pekka.RoyaleApi.Client.csproj", "{562475A4-D0B4-4CB4-8A6E-C0E0331BEBC3}"
EndProject
Global
	GlobalSection(SolutionConfigurationPlatforms) = preSolution
		Debug|Any CPU = Debug|Any CPU
		Release|Any CPU = Release|Any CPU
	EndGlobalSection
	GlobalSection(ProjectConfigurationPlatforms) = postSolution
		{E2EF6A6A-EE00-4165-92D8-33DF30BF6D07}.Debug|Any CPU.ActiveCfg = Debug|Any CPU
		{E2EF6A6A-EE00-4165-92D8-33DF30BF6D07}.Debug|Any CPU.Build.0 = Debug|Any CPU
		{E2EF6A6A-EE00-4165-92D8-33DF30BF6D07}.Release|Any CPU.ActiveCfg = Release|Any CPU
		{E2EF6A6A-EE00-4165-92D8-33DF30BF6D07}.Release|Any CPU.Build.0 = Release|Any CPU
		{B06FBC28-4929-445B-A771-3AEC24A8D4D3}.Debug|Any CPU.ActiveCfg = Debug|Any CPU
		{B06FBC28-4929-445B-A771-3AEC24A8D4D3}.Debug|Any CPU.Build.0 = Debug|Any CPU
		{B06FBC28-4929-445B-A771-3AEC24A8D4D3}.Release|Any CPU.ActiveCfg = Release|Any CPU
		{B06FBC28-4929-445B-A771-3AEC24A8D4D3}.Release|Any CPU.Build.0 = Release|Any CPU
		{B73A3E5D-16F6-4472-AAA5-2A5268F5870B}.Debug|Any CPU.ActiveCfg = Debug|Any CPU
		{B73A3E5D-16F6-4472-AAA5-2A5268F5870B}.Debug|Any CPU.Build.0 = Debug|Any CPU
		{B73A3E5D-16F6-4472-AAA5-2A5268F5870B}.Release|Any CPU.ActiveCfg = Release|Any CPU
		{B73A3E5D-16F6-4472-AAA5-2A5268F5870B}.Release|Any CPU.Build.0 = Release|Any CPU
		{6CA3AF85-5164-404C-AF3B-348A73A3EBEA}.Debug|Any CPU.ActiveCfg = Debug|Any CPU
		{6CA3AF85-5164-404C-AF3B-348A73A3EBEA}.Debug|Any CPU.Build.0 = Debug|Any CPU
		{6CA3AF85-5164-404C-AF3B-348A73A3EBEA}.Release|Any CPU.ActiveCfg = Release|Any CPU
		{6CA3AF85-5164-404C-AF3B-348A73A3EBEA}.Release|Any CPU.Build.0 = Release|Any CPU
		{C573636D-7029-40F1-88F0-A6167D61739E}.Debug|Any CPU.ActiveCfg = Debug|Any CPU
		{C573636D-7029-40F1-88F0-A6167D61739E}.Debug|Any CPU.Build.0 = Debug|Any CPU
		{C573636D-7029-40F1-88F0-A6167D61739E}.Release|Any CPU.ActiveCfg = Release|Any CPU
		{C573636D-7029-40F1-88F0-A6167D61739E}.Release|Any CPU.Build.0 = Release|Any CPU
		{562475A4-D0B4-4CB4-8A6E-C0E0331BEBC3}.Debug|Any CPU.ActiveCfg = Debug|Any CPU
		{562475A4-D0B4-4CB4-8A6E-C0E0331BEBC3}.Debug|Any CPU.Build.0 = Debug|Any CPU
		{562475A4-D0B4-4CB4-8A6E-C0E0331BEBC3}.Release|Any CPU.ActiveCfg = Release|Any CPU
		{562475A4-D0B4-4CB4-8A6E-C0E0331BEBC3}.Release|Any CPU.Build.0 = Release|Any CPU
	EndGlobalSection
	GlobalSection(SolutionProperties) = preSolution
		HideSolutionNode = FALSE
	EndGlobalSection
	GlobalSection(NestedProjects) = preSolution
		{E2EF6A6A-EE00-4165-92D8-33DF30BF6D07} = {51EC1534-8BA8-4655-B818-2982B5329FB9}
		{B06FBC28-4929-445B-A771-3AEC24A8D4D3} = {51EC1534-8BA8-4655-B818-2982B5329FB9}
		{B73A3E5D-16F6-4472-AAA5-2A5268F5870B} = {51EC1534-8BA8-4655-B818-2982B5329FB9}
	EndGlobalSection
	GlobalSection(ExtensibilityGlobals) = postSolution
		SolutionGuid = {5B09C7A4-5B95-4F3B-9295-E1B7DB94DB67}
	EndGlobalSection
EndGlobal
